
Microsoft Visual Studio Solution File, Format Version 12.00
# Visual Studio Version 17
VisualStudioVersion = 17.14.36623.8
MinimumVisualStudioVersion = 10.0.40219.1
Project("{FAE04EC0-301F-11D3-BF4B-00C04F79EFBC}") = "Cu.ProductsApi.Blazor", "Cu.ProductsApi.Blazor\Cu.ProductsApi.Blazor.csproj", "{FE5F590F-869A-4F93-B34B-58153ECD9069}"
EndProject
Global
	GlobalSection(SolutionConfigurationPlatforms) = preSolution
		Debug|Any CPU = Debug|Any CPU
		Release|Any CPU = Release|Any CPU
	EndGlobalSection
	GlobalSection(ProjectConfigurationPlatforms) = postSolution
		{FE5F590F-869A-4F93-B34B-58153ECD9069}.Debug|Any CPU.ActiveCfg = Debug|Any CPU
		{FE5F590F-869A-4F93-B34B-58153ECD9069}.Debug|Any CPU.Build.0 = Debug|Any CPU
		{FE5F590F-869A-4F93-B34B-58153ECD9069}.Release|Any CPU.ActiveCfg = Release|Any CPU
		{FE5F590F-869A-4F93-B34B-58153ECD9069}.Release|Any CPU.Build.0 = Release|Any CPU
	EndGlobalSection
	GlobalSection(SolutionProperties) = preSolution
		HideSolutionNode = FALSE
	EndGlobalSection
	GlobalSection(ExtensibilityGlobals) = postSolution
		SolutionGuid = {19D01311-A37B-49F0-A0D1-DA0F33DE60CA}
	EndGlobalSection
EndGlobal
